
Microsoft Visual Studio Solution File, Format Version 12.00
# Visual Studio Version 16
VisualStudioVersion = 16.0.31205.134
MinimumVisualStudioVersion = 10.0.40219.1
Project("{9A19103F-16F7-4668-BE54-9A1E7A4F7556}") = "ClassIntro", "ClassIntro\ClassIntro.csproj", "{2D9FE8AD-83F7-42B5-BACF-11A04BB3764E}"
EndProject
Project("{9A19103F-16F7-4668-BE54-9A1E7A4F7556}") = "Metotlar", "Metotlar\Metotlar.csproj", "{C5FE5FBB-75C1-4505-855A-0F50D5A64ED5}"
EndProject
Project("{9A19103F-16F7-4668-BE54-9A1E7A4F7556}") = "Matematik", "Matematik\Matematik.csproj", "{624176E5-4959-4F5B-9784-81677DF24AFB}"
EndProject
Project("{9A19103F-16F7-4668-BE54-9A1E7A4F7556}") = "DegerVeReferansTipler", "DegerVeReferansTipler\DegerVeReferansTipler.csproj", "{3DA3D982-0708-434E-BC74-C7A74231EBC4}"
EndProject
Project("{9A19103F-16F7-4668-BE54-9A1E7A4F7556}") = "Donguler", "Donguler\Donguler.csproj", "{16442BB1-D0E0-420E-B00B-77DFD71B2BC9}"
EndProject
Project("{9A19103F-16F7-4668-BE54-9A1E7A4F7556}") = "GenericsIntro", "GenericsIntro\GenericsIntro.csproj", "{59BDBDE8-6031-41CF-B8BD-0D7997ED8C40}"
EndProject
Project("{9A19103F-16F7-4668-BE54-9A1E7A4F7556}") = "Collections", "Collections\Collections.csproj", "{DCCE92C6-025F-4FA0-97CB-56E4D59CC6F7}"
EndProject
Project("{9A19103F-16F7-4668-BE54-9A1E7A4F7556}") = "KampIntro", "KampIntro\KampIntro.csproj", "{5D769226-5F11-4CB2-8692-1A200A7F7723}"
EndProject
Project("{FAE04EC0-301F-11D3-BF4B-00C04F79EFBC}") = "OOP2", "OOP2\OOP2.csproj", "{F75B3903-7D4F-4FA9-A19F-E95E189EC7BF}"
EndProject
Project("{FAE04EC0-301F-11D3-BF4B-00C04F79EFBC}") = "OOP3", "OOP3\OOP3.csproj", "{FC91FD2F-B048-4455-8EFF-E1A56797CA5C}"
EndProject
Global
	GlobalSection(SolutionConfigurationPlatforms) = preSolution
		Debug|Any CPU = Debug|Any CPU
		Release|Any CPU = Release|Any CPU
	EndGlobalSection
	GlobalSection(ProjectConfigurationPlatforms) = postSolution
		{2D9FE8AD-83F7-42B5-BACF-11A04BB3764E}.Debug|Any CPU.ActiveCfg = Debug|Any CPU
		{2D9FE8AD-83F7-42B5-BACF-11A04BB3764E}.Debug|Any CPU.Build.0 = Debug|Any CPU
		{2D9FE8AD-83F7-42B5-BACF-11A04BB3764E}.Release|Any CPU.ActiveCfg = Release|Any CPU
		{2D9FE8AD-83F7-42B5-BACF-11A04BB3764E}.Release|Any CPU.Build.0 = Release|Any CPU
		{C5FE5FBB-75C1-4505-855A-0F50D5A64ED5}.Debug|Any CPU.ActiveCfg = Debug|Any CPU
		{C5FE5FBB-75C1-4505-855A-0F50D5A64ED5}.Debug|Any CPU.Build.0 = Debug|Any CPU
		{C5FE5FBB-75C1-4505-855A-0F50D5A64ED5}.Release|Any CPU.ActiveCfg = Release|Any CPU
		{C5FE5FBB-75C1-4505-855A-0F50D5A64ED5}.Release|Any CPU.Build.0 = Release|Any CPU
		{624176E5-4959-4F5B-9784-81677DF24AFB}.Debug|Any CPU.ActiveCfg = Debug|Any CPU
		{624176E5-4959-4F5B-9784-81677DF24AFB}.Debug|Any CPU.Build.0 = Debug|Any CPU
		{624176E5-4959-4F5B-9784-81677DF24AFB}.Release|Any CPU.ActiveCfg = Release|Any CPU
		{624176E5-4959-4F5B-9784-81677DF24AFB}.Release|Any CPU.Build.0 = Release|Any CPU
		{3DA3D982-0708-434E-BC74-C7A74231EBC4}.Debug|Any CPU.ActiveCfg = Debug|Any CPU
		{3DA3D982-0708-434E-BC74-C7A74231EBC4}.Debug|Any CPU.Build.0 = Debug|Any CPU
		{3DA3D982-0708-434E-BC74-C7A74231EBC4}.Release|Any CPU.ActiveCfg = Release|Any CPU
		{3DA3D982-0708-434E-BC74-C7A74231EBC4}.Release|Any CPU.Build.0 = Release|Any CPU
		{16442BB1-D0E0-420E-B00B-77DFD71B2BC9}.Debug|Any CPU.ActiveCfg = Debug|Any CPU
		{16442BB1-D0E0-420E-B00B-77DFD71B2BC9}.Debug|Any CPU.Build.0 = Debug|Any CPU
		{16442BB1-D0E0-420E-B00B-77DFD71B2BC9}.Release|Any CPU.ActiveCfg = Release|Any CPU
		{16442BB1-D0E0-420E-B00B-77DFD71B2BC9}.Release|Any CPU.Build.0 = Release|Any CPU
		{59BDBDE8-6031-41CF-B8BD-0D7997ED8C40}.Debug|Any CPU.ActiveCfg = Debug|Any CPU
		{59BDBDE8-6031-41CF-B8BD-0D7997ED8C40}.Debug|Any CPU.Build.0 = Debug|Any CPU
		{59BDBDE8-6031-41CF-B8BD-0D7997ED8C40}.Release|Any CPU.ActiveCfg = Release|Any CPU
		{59BDBDE8-6031-41CF-B8BD-0D7997ED8C40}.Release|Any CPU.Build.0 = Release|Any CPU
		{DCCE92C6-025F-4FA0-97CB-56E4D59CC6F7}.Debug|Any CPU.ActiveCfg = Debug|Any CPU
		{DCCE92C6-025F-4FA0-97CB-56E4D59CC6F7}.Debug|Any CPU.Build.0 = Debug|Any CPU
		{DCCE92C6-025F-4FA0-97CB-56E4D59CC6F7}.Release|Any CPU.ActiveCfg = Release|Any CPU
		{DCCE92C6-025F-4FA0-97CB-56E4D59CC6F7}.Release|Any CPU.Build.0 = Release|Any CPU
		{5D769226-5F11-4CB2-8692-1A200A7F7723}.Debug|Any CPU.ActiveCfg = Debug|Any CPU
		{5D769226-5F11-4CB2-8692-1A200A7F7723}.Debug|Any CPU.Build.0 = Debug|Any CPU
		{5D769226-5F11-4CB2-8692-1A200A7F7723}.Release|Any CPU.ActiveCfg = Release|Any CPU
		{5D769226-5F11-4CB2-8692-1A200A7F7723}.Release|Any CPU.Build.0 = Release|Any CPU
		{F75B3903-7D4F-4FA9-A19F-E95E189EC7BF}.Debug|Any CPU.ActiveCfg = Debug|Any CPU
		{F75B3903-7D4F-4FA9-A19F-E95E189EC7BF}.Debug|Any CPU.Build.0 = Debug|Any CPU
		{F75B3903-7D4F-4FA9-A19F-E95E189EC7BF}.Release|Any CPU.ActiveCfg = Release|Any CPU
		{F75B3903-7D4F-4FA9-A19F-E95E189EC7BF}.Release|Any CPU.Build.0 = Release|Any CPU
		{FC91FD2F-B048-4455-8EFF-E1A56797CA5C}.Debug|Any CPU.ActiveCfg = Debug|Any CPU
		{FC91FD2F-B048-4455-8EFF-E1A56797CA5C}.Debug|Any CPU.Build.0 = Debug|Any CPU
		{FC91FD2F-B048-4455-8EFF-E1A56797CA5C}.Release|Any CPU.ActiveCfg = Release|Any CPU
		{FC91FD2F-B048-4455-8EFF-E1A56797CA5C}.Release|Any CPU.Build.0 = Release|Any CPU
	EndGlobalSection
	GlobalSection(SolutionProperties) = preSolution
		HideSolutionNode = FALSE
	EndGlobalSection
	GlobalSection(ExtensibilityGlobals) = postSolution
		SolutionGuid = {9C64E2E6-E8C4-4C64-9CC7-8803CA752B5E}
	EndGlobalSection
EndGlobal
